
Microsoft Visual Studio Solution File, Format Version 11.00
# Visual C# Express 2010
Project("{FAE04EC0-301F-11D3-BF4B-00C04F79EFBC}") = "MajSyantenCSharp", "MajSyantenCSharp\MajSyantenCSharp.csproj", "{D1A94AE0-8E9C-41B4-8FEF-817C839270FD}"
EndProject
Project("{FAE04EC0-301F-11D3-BF4B-00C04F79EFBC}") = "MajSyantenCSharpTest", "MajSyantenCSharpTest\MajSyantenCSharpTest.csproj", "{5F3DE38C-B409-410A-A95E-898C37B32DC3}"
EndProject
Project("{FAE04EC0-301F-11D3-BF4B-00C04F79EFBC}") = "MajLibPairi", "MajLibPairi\MajLibPairi.csproj", "{1766CB99-9000-4D91-87BC-4D15E4A4BDAC}"
EndProject
Project("{FAE04EC0-301F-11D3-BF4B-00C04F79EFBC}") = "MajLibPairiTest", "MajLibPairiTest\MajLibPairiTest.csproj", "{2A6A56DC-6E0A-43B2-82FF-24D9D47D06CD}"
EndProject
Global
	GlobalSection(SolutionConfigurationPlatforms) = preSolution
		Debug|Any CPU = Debug|Any CPU
		Debug|Mixed Platforms = Debug|Mixed Platforms
		Debug|x86 = Debug|x86
		Release|Any CPU = Release|Any CPU
		Release|Mixed Platforms = Release|Mixed Platforms
		Release|x86 = Release|x86
	EndGlobalSection
	GlobalSection(ProjectConfigurationPlatforms) = postSolution
		{D1A94AE0-8E9C-41B4-8FEF-817C839270FD}.Debug|Any CPU.ActiveCfg = Debug|x86
		{D1A94AE0-8E9C-41B4-8FEF-817C839270FD}.Debug|Mixed Platforms.ActiveCfg = Debug|x86
		{D1A94AE0-8E9C-41B4-8FEF-817C839270FD}.Debug|Mixed Platforms.Build.0 = Debug|x86
		{D1A94AE0-8E9C-41B4-8FEF-817C839270FD}.Debug|x86.ActiveCfg = Debug|x86
		{D1A94AE0-8E9C-41B4-8FEF-817C839270FD}.Debug|x86.Build.0 = Debug|x86
		{D1A94AE0-8E9C-41B4-8FEF-817C839270FD}.Release|Any CPU.ActiveCfg = Release|x86
		{D1A94AE0-8E9C-41B4-8FEF-817C839270FD}.Release|Mixed Platforms.ActiveCfg = Release|x86
		{D1A94AE0-8E9C-41B4-8FEF-817C839270FD}.Release|Mixed Platforms.Build.0 = Release|x86
		{D1A94AE0-8E9C-41B4-8FEF-817C839270FD}.Release|x86.ActiveCfg = Release|x86
		{D1A94AE0-8E9C-41B4-8FEF-817C839270FD}.Release|x86.Build.0 = Release|x86
		{5F3DE38C-B409-410A-A95E-898C37B32DC3}.Debug|Any CPU.ActiveCfg = Debug|Any CPU
		{5F3DE38C-B409-410A-A95E-898C37B32DC3}.Debug|Any CPU.Build.0 = Debug|Any CPU
		{5F3DE38C-B409-410A-A95E-898C37B32DC3}.Debug|Mixed Platforms.ActiveCfg = Debug|Any CPU
		{5F3DE38C-B409-410A-A95E-898C37B32DC3}.Debug|Mixed Platforms.Build.0 = Debug|Any CPU
		{5F3DE38C-B409-410A-A95E-898C37B32DC3}.Debug|x86.ActiveCfg = Debug|Any CPU
		{5F3DE38C-B409-410A-A95E-898C37B32DC3}.Release|Any CPU.ActiveCfg = Release|Any CPU
		{5F3DE38C-B409-410A-A95E-898C37B32DC3}.Release|Any CPU.Build.0 = Release|Any CPU
		{5F3DE38C-B409-410A-A95E-898C37B32DC3}.Release|Mixed Platforms.ActiveCfg = Release|Any CPU
		{5F3DE38C-B409-410A-A95E-898C37B32DC3}.Release|Mixed Platforms.Build.0 = Release|Any CPU
		{5F3DE38C-B409-410A-A95E-898C37B32DC3}.Release|x86.ActiveCfg = Release|Any CPU
		{1766CB99-9000-4D91-87BC-4D15E4A4BDAC}.Debug|Any CPU.ActiveCfg = Debug|Any CPU
		{1766CB99-9000-4D91-87BC-4D15E4A4BDAC}.Debug|Any CPU.Build.0 = Debug|Any CPU
		{1766CB99-9000-4D91-87BC-4D15E4A4BDAC}.Debug|Mixed Platforms.ActiveCfg = Debug|Any CPU
		{1766CB99-9000-4D91-87BC-4D15E4A4BDAC}.Debug|Mixed Platforms.Build.0 = Debug|Any CPU
		{1766CB99-9000-4D91-87BC-4D15E4A4BDAC}.Debug|x86.ActiveCfg = Debug|Any CPU
		{1766CB99-9000-4D91-87BC-4D15E4A4BDAC}.Release|Any CPU.ActiveCfg = Release|Any CPU
		{1766CB99-9000-4D91-87BC-4D15E4A4BDAC}.Release|Any CPU.Build.0 = Release|Any CPU
		{1766CB99-9000-4D91-87BC-4D15E4A4BDAC}.Release|Mixed Platforms.ActiveCfg = Release|Any CPU
		{1766CB99-9000-4D91-87BC-4D15E4A4BDAC}.Release|Mixed Platforms.Build.0 = Release|Any CPU
		{1766CB99-9000-4D91-87BC-4D15E4A4BDAC}.Release|x86.ActiveCfg = Release|Any CPU
		{2A6A56DC-6E0A-43B2-82FF-24D9D47D06CD}.Debug|Any CPU.ActiveCfg = Debug|Any CPU
		{2A6A56DC-6E0A-43B2-82FF-24D9D47D06CD}.Debug|Any CPU.Build.0 = Debug|Any CPU
		{2A6A56DC-6E0A-43B2-82FF-24D9D47D06CD}.Debug|Mixed Platforms.ActiveCfg = Debug|Any CPU
		{2A6A56DC-6E0A-43B2-82FF-24D9D47D06CD}.Debug|Mixed Platforms.Build.0 = Debug|Any CPU
		{2A6A56DC-6E0A-43B2-82FF-24D9D47D06CD}.Debug|x86.ActiveCfg = Debug|Any CPU
		{2A6A56DC-6E0A-43B2-82FF-24D9D47D06CD}.Release|Any CPU.ActiveCfg = Release|Any CPU
		{2A6A56DC-6E0A-43B2-82FF-24D9D47D06CD}.Release|Any CPU.Build.0 = Release|Any CPU
		{2A6A56DC-6E0A-43B2-82FF-24D9D47D06CD}.Release|Mixed Platforms.ActiveCfg = Release|Any CPU
		{2A6A56DC-6E0A-43B2-82FF-24D9D47D06CD}.Release|Mixed Platforms.Build.0 = Release|Any CPU
		{2A6A56DC-6E0A-43B2-82FF-24D9D47D06CD}.Release|x86.ActiveCfg = Release|Any CPU
	EndGlobalSection
	GlobalSection(SolutionProperties) = preSolution
		HideSolutionNode = FALSE
	EndGlobalSection
EndGlobal
